
Microsoft Visual Studio Solution File, Format Version 12.00
# Visual Studio Version 17
VisualStudioVersion = 17.13.35806.99 d17.13
MinimumVisualStudioVersion = 10.0.40219.1
Project("{FAE04EC0-301F-11D3-BF4B-00C04F79EFBC}") = "Practical_22", "Practical_22\Practical_22.csproj", "{D550C840-D772-462A-AB3A-EAB13115126C}"
EndProject
Project("{FAE04EC0-301F-11D3-BF4B-00C04F79EFBC}") = "DAL", "DAL\DAL.csproj", "{53E86DBA-5AF9-4FD6-B481-57FF8D1F21D2}"
EndProject
Global
	GlobalSection(SolutionConfigurationPlatforms) = preSolution
		Debug|Any CPU = Debug|Any CPU
		Release|Any CPU = Release|Any CPU
	EndGlobalSection
	GlobalSection(ProjectConfigurationPlatforms) = postSolution
		{D550C840-D772-462A-AB3A-EAB13115126C}.Debug|Any CPU.ActiveCfg = Debug|Any CPU
		{D550C840-D772-462A-AB3A-EAB13115126C}.Debug|Any CPU.Build.0 = Debug|Any CPU
		{D550C840-D772-462A-AB3A-EAB13115126C}.Release|Any CPU.ActiveCfg = Release|Any CPU
		{D550C840-D772-462A-AB3A-EAB13115126C}.Release|Any CPU.Build.0 = Release|Any CPU
		{53E86DBA-5AF9-4FD6-B481-57FF8D1F21D2}.Debug|Any CPU.ActiveCfg = Debug|Any CPU
		{53E86DBA-5AF9-4FD6-B481-57FF8D1F21D2}.Debug|Any CPU.Build.0 = Debug|Any CPU
		{53E86DBA-5AF9-4FD6-B481-57FF8D1F21D2}.Release|Any CPU.ActiveCfg = Release|Any CPU
		{53E86DBA-5AF9-4FD6-B481-57FF8D1F21D2}.Release|Any CPU.Build.0 = Release|Any CPU
	EndGlobalSection
	GlobalSection(SolutionProperties) = preSolution
		HideSolutionNode = FALSE
	EndGlobalSection
	GlobalSection(ExtensibilityGlobals) = postSolution
		SolutionGuid = {5C2B6C82-8826-4387-8C0E-450462EACFA4}
	EndGlobalSection
EndGlobal
